
Microsoft Visual Studio Solution File, Format Version 12.00
# Visual Studio Version 16
VisualStudioVersion = 16.0.30717.126
MinimumVisualStudioVersion = 10.0.40219.1
Project("{FAE04EC0-301F-11D3-BF4B-00C04F79EFBC}") = "pac-man-emulator-uwp", "pac-man-emulator-uwp.csproj", "{3F55A54D-85E2-4121-9B21-7CAA5F81CE39}"
EndProject
Project("{9A19103F-16F7-4668-BE54-9A1E7A4F7556}") = "z80", "..\z80\z80.csproj", "{7131B40C-02B8-480C-9203-3D359784FADA}"
EndProject
Project("{9A19103F-16F7-4668-BE54-9A1E7A4F7556}") = "emulator", "..\emulator\emulator.csproj", "{D13661A9-1527-4C76-8ABF-554ABCE50B95}"
EndProject
Project("{9A19103F-16F7-4668-BE54-9A1E7A4F7556}") = "disassembler", "..\disassembler\disassembler.csproj", "{0332CE6E-99DB-4817-B4EB-97CD565CD35D}"
EndProject
Global
	GlobalSection(SolutionConfigurationPlatforms) = preSolution
		Debug|Any CPU = Debug|Any CPU
		Debug|ARM = Debug|ARM
		Debug|ARM64 = Debug|ARM64
		Debug|x64 = Debug|x64
		Debug|x86 = Debug|x86
		Release|Any CPU = Release|Any CPU
		Release|ARM = Release|ARM
		Release|ARM64 = Release|ARM64
		Release|x64 = Release|x64
		Release|x86 = Release|x86
	EndGlobalSection
	GlobalSection(ProjectConfigurationPlatforms) = postSolution
		{3F55A54D-85E2-4121-9B21-7CAA5F81CE39}.Debug|Any CPU.ActiveCfg = Debug|x86
		{3F55A54D-85E2-4121-9B21-7CAA5F81CE39}.Debug|ARM.ActiveCfg = Debug|ARM
		{3F55A54D-85E2-4121-9B21-7CAA5F81CE39}.Debug|ARM.Build.0 = Debug|ARM
		{3F55A54D-85E2-4121-9B21-7CAA5F81CE39}.Debug|ARM.Deploy.0 = Debug|ARM
		{3F55A54D-85E2-4121-9B21-7CAA5F81CE39}.Debug|ARM64.ActiveCfg = Debug|ARM64
		{3F55A54D-85E2-4121-9B21-7CAA5F81CE39}.Debug|ARM64.Build.0 = Debug|ARM64
		{3F55A54D-85E2-4121-9B21-7CAA5F81CE39}.Debug|ARM64.Deploy.0 = Debug|ARM64
		{3F55A54D-85E2-4121-9B21-7CAA5F81CE39}.Debug|x64.ActiveCfg = Debug|x64
		{3F55A54D-85E2-4121-9B21-7CAA5F81CE39}.Debug|x64.Build.0 = Debug|x64
		{3F55A54D-85E2-4121-9B21-7CAA5F81CE39}.Debug|x64.Deploy.0 = Debug|x64
		{3F55A54D-85E2-4121-9B21-7CAA5F81CE39}.Debug|x86.ActiveCfg = Debug|x86
		{3F55A54D-85E2-4121-9B21-7CAA5F81CE39}.Debug|x86.Build.0 = Debug|x86
		{3F55A54D-85E2-4121-9B21-7CAA5F81CE39}.Debug|x86.Deploy.0 = Debug|x86
		{3F55A54D-85E2-4121-9B21-7CAA5F81CE39}.Release|Any CPU.ActiveCfg = Release|x86
		{3F55A54D-85E2-4121-9B21-7CAA5F81CE39}.Release|ARM.ActiveCfg = Release|ARM
		{3F55A54D-85E2-4121-9B21-7CAA5F81CE39}.Release|ARM.Build.0 = Release|ARM
		{3F55A54D-85E2-4121-9B21-7CAA5F81CE39}.Release|ARM.Deploy.0 = Release|ARM
		{3F55A54D-85E2-4121-9B21-7CAA5F81CE39}.Release|ARM64.ActiveCfg = Release|ARM64
		{3F55A54D-85E2-4121-9B21-7CAA5F81CE39}.Release|ARM64.Build.0 = Release|ARM64
		{3F55A54D-85E2-4121-9B21-7CAA5F81CE39}.Release|ARM64.Deploy.0 = Release|ARM64
		{3F55A54D-85E2-4121-9B21-7CAA5F81CE39}.Release|x64.ActiveCfg = Release|x64
		{3F55A54D-85E2-4121-9B21-7CAA5F81CE39}.Release|x64.Build.0 = Release|x64
		{3F55A54D-85E2-4121-9B21-7CAA5F81CE39}.Release|x64.Deploy.0 = Release|x64
		{3F55A54D-85E2-4121-9B21-7CAA5F81CE39}.Release|x86.ActiveCfg = Release|x86
		{3F55A54D-85E2-4121-9B21-7CAA5F81CE39}.Release|x86.Build.0 = Release|x86
		{3F55A54D-85E2-4121-9B21-7CAA5F81CE39}.Release|x86.Deploy.0 = Release|x86
		{7131B40C-02B8-480C-9203-3D359784FADA}.Debug|Any CPU.ActiveCfg = Debug|Any CPU
		{7131B40C-02B8-480C-9203-3D359784FADA}.Debug|Any CPU.Build.0 = Debug|Any CPU
		{7131B40C-02B8-480C-9203-3D359784FADA}.Debug|ARM.ActiveCfg = Debug|Any CPU
		{7131B40C-02B8-480C-9203-3D359784FADA}.Debug|ARM.Build.0 = Debug|Any CPU
		{7131B40C-02B8-480C-9203-3D359784FADA}.Debug|ARM64.ActiveCfg = Debug|Any CPU
		{7131B40C-02B8-480C-9203-3D359784FADA}.Debug|ARM64.Build.0 = Debug|Any CPU
		{7131B40C-02B8-480C-9203-3D359784FADA}.Debug|x64.ActiveCfg = Debug|Any CPU
		{7131B40C-02B8-480C-9203-3D359784FADA}.Debug|x64.Build.0 = Debug|Any CPU
		{7131B40C-02B8-480C-9203-3D359784FADA}.Debug|x86.ActiveCfg = Debug|Any CPU
		{7131B40C-02B8-480C-9203-3D359784FADA}.Debug|x86.Build.0 = Debug|Any CPU
		{7131B40C-02B8-480C-9203-3D359784FADA}.Release|Any CPU.ActiveCfg = Release|Any CPU
		{7131B40C-02B8-480C-9203-3D359784FADA}.Release|Any CPU.Build.0 = Release|Any CPU
		{7131B40C-02B8-480C-9203-3D359784FADA}.Release|ARM.ActiveCfg = Release|Any CPU
		{7131B40C-02B8-480C-9203-3D359784FADA}.Release|ARM.Build.0 = Release|Any CPU
		{7131B40C-02B8-480C-9203-3D359784FADA}.Release|ARM64.ActiveCfg = Release|Any CPU
		{7131B40C-02B8-480C-9203-3D359784FADA}.Release|ARM64.Build.0 = Release|Any CPU
		{7131B40C-02B8-480C-9203-3D359784FADA}.Release|x64.ActiveCfg = Release|Any CPU
		{7131B40C-02B8-480C-9203-3D359784FADA}.Release|x64.Build.0 = Release|Any CPU
		{7131B40C-02B8-480C-9203-3D359784FADA}.Release|x86.ActiveCfg = Release|Any CPU
		{7131B40C-02B8-480C-9203-3D359784FADA}.Release|x86.Build.0 = Release|Any CPU
		{D13661A9-1527-4C76-8ABF-554ABCE50B95}.Debug|Any CPU.ActiveCfg = Debug|Any CPU
		{D13661A9-1527-4C76-8ABF-554ABCE50B95}.Debug|Any CPU.Build.0 = Debug|Any CPU
		{D13661A9-1527-4C76-8ABF-554ABCE50B95}.Debug|ARM.ActiveCfg = Debug|Any CPU
		{D13661A9-1527-4C76-8ABF-554ABCE50B95}.Debug|ARM.Build.0 = Debug|Any CPU
		{D13661A9-1527-4C76-8ABF-554ABCE50B95}.Debug|ARM64.ActiveCfg = Debug|Any CPU
		{D13661A9-1527-4C76-8ABF-554ABCE50B95}.Debug|ARM64.Build.0 = Debug|Any CPU
		{D13661A9-1527-4C76-8ABF-554ABCE50B95}.Debug|x64.ActiveCfg = Debug|Any CPU
		{D13661A9-1527-4C76-8ABF-554ABCE50B95}.Debug|x64.Build.0 = Debug|Any CPU
		{D13661A9-1527-4C76-8ABF-554ABCE50B95}.Debug|x86.ActiveCfg = Debug|Any CPU
		{D13661A9-1527-4C76-8ABF-554ABCE50B95}.Debug|x86.Build.0 = Debug|Any CPU
		{D13661A9-1527-4C76-8ABF-554ABCE50B95}.Release|Any CPU.ActiveCfg = Release|Any CPU
		{D13661A9-1527-4C76-8ABF-554ABCE50B95}.Release|Any CPU.Build.0 = Release|Any CPU
		{D13661A9-1527-4C76-8ABF-554ABCE50B95}.Release|ARM.ActiveCfg = Release|Any CPU
		{D13661A9-1527-4C76-8ABF-554ABCE50B95}.Release|ARM.Build.0 = Release|Any CPU
		{D13661A9-1527-4C76-8ABF-554ABCE50B95}.Release|ARM64.ActiveCfg = Release|Any CPU
		{D13661A9-1527-4C76-8ABF-554ABCE50B95}.Release|ARM64.Build.0 = Release|Any CPU
		{D13661A9-1527-4C76-8ABF-554ABCE50B95}.Release|x64.ActiveCfg = Release|Any CPU
		{D13661A9-1527-4C76-8ABF-554ABCE50B95}.Release|x64.Build.0 = Release|Any CPU
		{D13661A9-1527-4C76-8ABF-554ABCE50B95}.Release|x86.ActiveCfg = Release|Any CPU
		{D13661A9-1527-4C76-8ABF-554ABCE50B95}.Release|x86.Build.0 = Release|Any CPU
		{0332CE6E-99DB-4817-B4EB-97CD565CD35D}.Debug|Any CPU.ActiveCfg = Debug|Any CPU
		{0332CE6E-99DB-4817-B4EB-97CD565CD35D}.Debug|Any CPU.Build.0 = Debug|Any CPU
		{0332CE6E-99DB-4817-B4EB-97CD565CD35D}.Debug|ARM.ActiveCfg = Debug|Any CPU
		{0332CE6E-99DB-4817-B4EB-97CD565CD35D}.Debug|ARM.Build.0 = Debug|Any CPU
		{0332CE6E-99DB-4817-B4EB-97CD565CD35D}.Debug|ARM64.ActiveCfg = Debug|Any CPU
		{0332CE6E-99DB-4817-B4EB-97CD565CD35D}.Debug|ARM64.Build.0 = Debug|Any CPU
		{0332CE6E-99DB-4817-B4EB-97CD565CD35D}.Debug|x64.ActiveCfg = Debug|Any CPU
		{0332CE6E-99DB-4817-B4EB-97CD565CD35D}.Debug|x64.Build.0 = Debug|Any CPU
		{0332CE6E-99DB-4817-B4EB-97CD565CD35D}.Debug|x86.ActiveCfg = Debug|Any CPU
		{0332CE6E-99DB-4817-B4EB-97CD565CD35D}.Debug|x86.Build.0 = Debug|Any CPU
		{0332CE6E-99DB-4817-B4EB-97CD565CD35D}.Release|Any CPU.ActiveCfg = Release|Any CPU
		{0332CE6E-99DB-4817-B4EB-97CD565CD35D}.Release|Any CPU.Build.0 = Release|Any CPU
		{0332CE6E-99DB-4817-B4EB-97CD565CD35D}.Release|ARM.ActiveCfg = Release|Any CPU
		{0332CE6E-99DB-4817-B4EB-97CD565CD35D}.Release|ARM.Build.0 = Release|Any CPU
		{0332CE6E-99DB-4817-B4EB-97CD565CD35D}.Release|ARM64.ActiveCfg = Release|Any CPU
		{0332CE6E-99DB-4817-B4EB-97CD565CD35D}.Release|ARM64.Build.0 = Release|Any CPU
		{0332CE6E-99DB-4817-B4EB-97CD565CD35D}.Release|x64.ActiveCfg = Release|Any CPU
		{0332CE6E-99DB-4817-B4EB-97CD565CD35D}.Release|x64.Build.0 = Release|Any CPU
		{0332CE6E-99DB-4817-B4EB-97CD565CD35D}.Release|x86.ActiveCfg = Release|Any CPU
		{0332CE6E-99DB-4817-B4EB-97CD565CD35D}.Release|x86.Build.0 = Release|Any CPU
	EndGlobalSection
	GlobalSection(SolutionProperties) = preSolution
		HideSolutionNode = FALSE
	EndGlobalSection
	GlobalSection(ExtensibilityGlobals) = postSolution
		SolutionGuid = {79174BF3-2AA4-49FF-9B54-0C9177F5BC2A}
	EndGlobalSection
EndGlobal
